schema: '2.0'
stages:
  data_ingestion:
    cmd: python src/pipeline_steps/stage01_data_ingestion.py
    deps:
    - path: src/config.yaml
      hash: md5
      md5: 6f3b6ae109aaacb645b0c22c3b91fd8f
      size: 816
    - path: src/pipeline_steps/stage01_data_ingestion.py
      hash: md5
      md5: 6431f3a5bf3fab62affd3a677d4cf21f
      size: 1093
    outs:
    - path: data/raw/winequality-red.csv
      hash: md5
      md5: 6a883fd98624e18c0b7ce251f4fab4fb
      size: 100951
  data_validation:
    cmd: python src/pipeline_steps/stage02_data_validation.py
    deps:
    - path: data/raw/winequality-red.csv
      hash: md5
      md5: 6a883fd98624e18c0b7ce251f4fab4fb
      size: 100951
    - path: src/config.yaml
      hash: md5
      md5: 6f3b6ae109aaacb645b0c22c3b91fd8f
      size: 816
    - path: src/pipeline_steps/stage02_data_validation.py
      hash: md5
      md5: 7fe4dee7fa5ecd5c7025d17a3f685694
      size: 985
    outs:
    - path: data/status.txt
      hash: md5
      md5: 86e6a2f694c57a675b3e2da6b95ff9ba
      size: 23
  data_transformation:
    cmd: python src/pipeline_steps/stage03_data_transformation.py
    deps:
    - path: data/raw/winequality-red.csv
      hash: md5
      md5: 6a883fd98624e18c0b7ce251f4fab4fb
      size: 100951
    - path: src/config.yaml
      hash: md5
      md5: 6f3b6ae109aaacb645b0c22c3b91fd8f
      size: 816
    - path: src/pipeline_steps/stage03_data_transformation.py
      hash: md5
      md5: dcd64f5d071708307a68ec84df19225f
      size: 1351
    outs:
    - path: data/processed/X_test.csv
      hash: md5
      md5: 9ae87aeb78fbccba2b39e275486125d5
      size: 18188
    - path: data/processed/X_train.csv
      hash: md5
      md5: 8d0713cbe22ad72af5f863e9e32577e6
      size: 72229
    - path: data/processed/y_test.csv
      hash: md5
      md5: 52997ed677033cccf5874db23d054043
      size: 648
    - path: data/processed/y_train.csv
      hash: md5
      md5: 4040613523475448ce5a6170c18e383e
      size: 2566
  model_trainer:
    cmd: python src/pipeline_steps/stage04_model_trainer.py
    deps:
    - path: data/processed/X_test.csv
      hash: md5
      md5: 9ae87aeb78fbccba2b39e275486125d5
      size: 18188
    - path: data/processed/X_train.csv
      hash: md5
      md5: 8d0713cbe22ad72af5f863e9e32577e6
      size: 72229
    - path: data/processed/y_test.csv
      hash: md5
      md5: 52997ed677033cccf5874db23d054043
      size: 648
    - path: data/processed/y_train.csv
      hash: md5
      md5: 4040613523475448ce5a6170c18e383e
      size: 2566
    - path: src/config.yaml
      hash: md5
      md5: 6f3b6ae109aaacb645b0c22c3b91fd8f
      size: 816
    - path: src/pipeline_steps/stage04_model_trainer.py
      hash: md5
      md5: 6a637740feb1b5f29ac06be88d0a0bb8
      size: 951
    outs:
    - path: models/model.joblib
      hash: md5
      md5: 510f2589bc5a84be6a25f5736379df21
      size: 1279
  model_evaluation:
    cmd: python src/pipeline_steps/stage05_model_evaluation.py
    deps:
    - path: data/processed/X_test.csv
      hash: md5
      md5: 9ae87aeb78fbccba2b39e275486125d5
      size: 18188
    - path: data/processed/y_test.csv
      hash: md5
      md5: 52997ed677033cccf5874db23d054043
      size: 648
    - path: models/model.joblib
      hash: md5
      md5: 510f2589bc5a84be6a25f5736379df21
      size: 1279
    - path: src/config.yaml
      hash: md5
      md5: 6f3b6ae109aaacb645b0c22c3b91fd8f
      size: 816
    - path: src/pipeline_steps/stage05_model_evaluation.py
      hash: md5
      md5: 72149340a001b769f099741fbf885811
      size: 996
    outs:
    - path: metrics/metrics.json
      hash: md5
      md5: bb57454b208ce0d4dbc68ab43c288c4d
      size: 97
